# This file is autogenerated, do not edit; changes may be undone by the next 'dep ensure'.


[[projects]]
  digest = "1:123688dc18b79ba3de779ba0c7d4ea840bdc53a08589618cdb382021926b62a8"
  name = "github.com/astaxie/beego"
  packages = [
    ".",
    "config",
    "context",
    "context/param",
    "grace",
    "logs",
    "orm",
    "plugins/cors",
    "session",
    "toolbox",
    "utils",
  ]
  pruneopts = "UT"
  revision = "de5650b7230083f957045890af942ffdac87c782"
  version = "v1.12.1"

[[projects]]
  digest = "1:76dc72490af7174349349838f2fe118996381b31ea83243812a97e5a0fd5ed55"
  name = "github.com/dgrijalva/jwt-go"
  packages = ["."]
  pruneopts = "UT"
  revision = "06ea1031745cb8b3dab3f6a236daf2b0aa468b7e"
  version = "v3.2.0"

[[projects]]
  digest = "1:586ea76dbd0374d6fb649a91d70d652b7fe0ccffb8910a77468e7702e7901f3d"
  name = "github.com/go-stack/stack"
  packages = ["."]
  pruneopts = "UT"
  revision = "2fee6af1a9795aafbe0253a0cfbdf668e1fb8a9a"
  version = "v1.8.0"

[[projects]]
  branch = "master"
  digest = "1:700b1e527116332847452edf9febc0c252c026785a8c3cfa3f68a8eeffb09ee8"
  name = "github.com/golang/snappy"
  packages = ["."]
  pruneopts = "UT"
  revision = "ff6b7dc882cf4cfba7ee0b9f7dcc1ac096c554aa"

[[projects]]
  digest = "1:a91b999a29bf71efd8671253f77c8854d48d83cef7dc1333bf120fab4c904560"
  name = "github.com/klauspost/compress"
  packages = [
    "fse",
    "huff0",
    "snappy",
    "zstd",
    "zstd/internal/xxhash",
  ]
  pruneopts = "UT"
  revision = "788b7f06fee85b7e1d2aa4a3a86f8dbbbcc771ae"
  version = "v1.10.3"

[[projects]]
  branch = "master"
  digest = "1:21fc964c64ba904c2183017dc0f6ee0ca6943198a1001d08eb9414e3c6b1296c"
  name = "github.com/nareix/joy4"
  packages = [
    "av",
    "av/avutil",
    "av/pktque",
    "av/pubsub",
    "codec",
    "codec/aacparser",
    "codec/fake",
    "codec/h264parser",
    "format",
    "format/aac",
    "format/flv",
    "format/flv/flvio",
    "format/mp4",
    "format/mp4/mp4io",
    "format/rtmp",
    "format/rtsp",
    "format/rtsp/sdp",
    "format/ts",
    "format/ts/tsio",
    "utils/bits",
    "utils/bits/pio",
  ]
  pruneopts = "UT"
  revision = "3ddbc8f9d4316ab2bbec2bc9ee98127862e3af02"

[[projects]]
  digest = "1:9e1d37b58d17113ec3cb5608ac0382313c5b59470b94ed97d0976e69c7022314"
  name = "github.com/pkg/errors"
  packages = ["."]
  pruneopts = "UT"
  revision = "614d223910a179a466c1767a985424175c39b465"
  version = "v0.9.1"

[[projects]]
  branch = "master"
  digest = "1:44fbfce27cb96b7d20217634af466093485a3e8132820acbe95949cb64e7fc60"
  name = "github.com/shiena/ansicolor"
  packages = ["."]
  pruneopts = "UT"
  revision = "a422bbe96644373c5753384a59d678f7d261ff10"

[[projects]]
  branch = "master"
  digest = "1:40fdfd6ab85ca32b6935853bbba35935dcb1d796c8135efd85947566c76e662e"
  name = "github.com/xdg/scram"
  packages = ["."]
  pruneopts = "UT"
  revision = "7eeb5667e42c09cb51bf7b7c28aea8c56767da90"

[[projects]]
  branch = "master"
  digest = "1:f5c1d04bc09c644c592b45b9f0bad4030521b1a7d11c7dadbb272d9439fa6e8e"
  name = "github.com/xdg/stringprep"
  packages = ["."]
  pruneopts = "UT"
  revision = "73f8eece6fdcd902c185bf651de50f3828bed5ed"

[[projects]]
  digest = "1:4e4a37dcd6256af87909b0a756c3e119e53436de35ac7fd1f47e65289a881be9"
  name = "go.mongodb.org/mongo-driver"
  packages = [
    "bson",
    "bson/bsoncodec",
    "bson/bsonoptions",
    "bson/bsonrw",
    "bson/bsontype",
    "bson/primitive",
    "event",
    "internal",
    "mongo",
    "mongo/options",
    "mongo/readconcern",
    "mongo/readpref",
    "mongo/writeconcern",
    "tag",
    "version",
    "x/bsonx",
    "x/bsonx/bsoncore",
    "x/mongo/driver",
    "x/mongo/driver/address",
    "x/mongo/driver/auth",
    "x/mongo/driver/auth/internal/gssapi",
    "x/mongo/driver/connstring",
    "x/mongo/driver/description",
    "x/mongo/driver/dns",
    "x/mongo/driver/mongocrypt",
    "x/mongo/driver/mongocrypt/options",
    "x/mongo/driver/operation",
    "x/mongo/driver/session",
    "x/mongo/driver/topology",
    "x/mongo/driver/uuid",
    "x/mongo/driver/wiremessage",
  ]
  pruneopts = "UT"
  revision = "17ea4abd2ac121376c1f782964fce1c3ee692915"
  version = "v1.3.1"

[[projects]]
  branch = "master"
  digest = "1:b6fa9a28b667295bcd7fa113e2b002a7020c99f0ddd3beb320e52bbe65e6776f"
  name = "golang.org/x/crypto"
  packages = [
    "acme",
    "acme/autocert",
    "bcrypt",
    "blowfish",
    "pbkdf2",
  ]
  pruneopts = "UT"
  revision = "2aa609cf4a9d7d1126360de73b55b6002f9e052a"

[[projects]]
  branch = "master"
  digest = "1:d1f7edf951b9cc444358a31de2f4e4c1c5c539ea9c6aca13f5bf92eb1124fc4b"
  name = "golang.org/x/net"
  packages = ["idna"]
  pruneopts = "UT"
  revision = "244492dfa37ae2ce87222fd06250a03160745faa"

[[projects]]
  branch = "master"
  digest = "1:382bb5a7fb4034db3b6a2d19e5a4a6bcf52f4750530603c01ca18a172fa3089b"
  name = "golang.org/x/sync"
  packages = ["semaphore"]
  pruneopts = "UT"
  revision = "cd5d95a43a6e21273425c7ae415d3df9ea832eeb"

[[projects]]
  digest = "1:8d8faad6b12a3a4c819a3f9618cb6ee1fa1cfc33253abeeea8b55336721e3405"
  name = "golang.org/x/text"
  packages = [
    "collate",
    "collate/build",
    "internal/colltab",
    "internal/gen",
    "internal/language",
    "internal/language/compact",
    "internal/tag",
    "internal/triegen",
    "internal/ucd",
    "language",
    "secure/bidirule",
    "transform",
    "unicode/bidi",
    "unicode/cldr",
    "unicode/norm",
    "unicode/rangetable",
  ]
  pruneopts = "UT"
  revision = "342b2e1fbaa52c93f31447ad2c6abc048c63e475"
  version = "v0.3.2"

[[projects]]
  digest = "1:55b110c99c5fdc4f14930747326acce56b52cfce60b24b1c03ef686ac0e46bb1"
  name = "gopkg.in/yaml.v2"
  packages = ["."]
  pruneopts = "UT"
  revision = "53403b58ad1b561927d19068c655246f2db79d48"
  version = "v2.2.8"

[solve-meta]
  analyzer-name = "dep"
  analyzer-version = 1
  input-imports = [
    "github.com/astaxie/beego",
    "github.com/astaxie/beego/context",
    "github.com/astaxie/beego/context/param",
    "github.com/astaxie/beego/orm",
    "github.com/astaxie/beego/plugins/cors",
    "github.com/dgrijalva/jwt-go",
    "github.com/nareix/joy4/av/avutil",
    "github.com/nareix/joy4/av/pubsub",
    "github.com/nareix/joy4/format",
    "github.com/nareix/joy4/format/flv",
    "github.com/nareix/joy4/format/rtmp",
    "go.mongodb.org/mongo-driver/bson",
    "go.mongodb.org/mongo-driver/bson/primitive",
    "go.mongodb.org/mongo-driver/mongo",
    "go.mongodb.org/mongo-driver/mongo/options",
    "golang.org/x/crypto/bcrypt",
  ]
  solver-name = "gps-cdcl"
  solver-version = 1
